
Microsoft Visual Studio Solution File, Format Version 12.00
# Visual Studio Version 17
VisualStudioVersion = 17.3.32825.248
MinimumVisualStudioVersion = 10.0.40219.1
Project("{9A19103F-16F7-4668-BE54-9A1E7A4F7556}") = "ForMe", "ForMe.csproj", "{BA132B72-5F28-479B-8CDA-5BEE2CF88596}"
EndProject
Global
	GlobalSection(SolutionConfigurationPlatforms) = preSolution
		Debug|Any CPU = Debug|Any CPU
		Release|Any CPU = Release|Any CPU
	EndGlobalSection
	GlobalSection(ProjectConfigurationPlatforms) = postSolution
		{BA132B72-5F28-479B-8CDA-5BEE2CF88596}.Debug|Any CPU.ActiveCfg = Debug|Any CPU
		{BA132B72-5F28-479B-8CDA-5BEE2CF88596}.Debug|Any CPU.Build.0 = Debug|Any CPU
		{BA132B72-5F28-479B-8CDA-5BEE2CF88596}.Release|Any CPU.ActiveCfg = Release|Any CPU
		{BA132B72-5F28-479B-8CDA-5BEE2CF88596}.Release|Any CPU.Build.0 = Release|Any CPU
	EndGlobalSection
	GlobalSection(SolutionProperties) = preSolution
		HideSolutionNode = FALSE
	EndGlobalSection
	GlobalSection(ExtensibilityGlobals) = postSolution
		SolutionGuid = {A03A1EE0-6DB0-4E60-87DB-A86055C4E7E7}
	EndGlobalSection
EndGlobal
